{
  "name": "Quiz app",
  "lockfileVersion": 3,
  "requires": true,
  "packages": {
    "": {
      "dependencies": {
        "@kushallunkad/medium-common": "^1.0.0"
      }
    },
    "node_modules/@kushallunkad/medium-common": {
      "version": "1.0.0",
      "resolved": "https://registry.npmjs.org/@kushallunkad/medium-common/-/medium-common-1.0.0.tgz",
      "integrity": "sha512-68kxv2P0JkgrsOHiS1esC/IxlVzsouaqpF3qqASaeD1PpMPe/tuN8KwAQiXbQysDqA5a90Cv1DCp6LaCoDe8vg==",
      "dependencies": {
        "zod": "^3.23.8"
      }
    },
    "node_modules/zod": {
      "version": "3.23.8",
      "resolved": "https://registry.npmjs.org/zod/-/zod-3.23.8.tgz",
      "integrity": "sha512-XBx9AXhXktjUqnepgTiE5flcKIYWi/rme0Eaj+5Y0lftuGBq+jyRu/md4WnuxqgP1ubdpNCsYEYPxrzVHD8d6g==",
      "funding": {
        "url": "https://github.com/sponsors/colinhacks"
      }
    }
  }
}
